
Microsoft Visual Studio Solution File, Format Version 12.00
# Visual Studio Version 16
VisualStudioVersion = 16.0.34031.81
MinimumVisualStudioVersion = 10.0.40219.1
Project("{FAE04EC0-301F-11D3-BF4B-00C04F79EFBC}") = "vinculacion-Github", "vinculacion-Github\vinculacion-Github.csproj", "{0AC9DD1E-D9A7-4224-B756-E941D9188730}"
EndProject
Global
	GlobalSection(SolutionConfigurationPlatforms) = preSolution
		Debug|Any CPU = Debug|Any CPU
		Release|Any CPU = Release|Any CPU
	EndGlobalSection
	GlobalSection(ProjectConfigurationPlatforms) = postSolution
		{0AC9DD1E-D9A7-4224-B756-E941D9188730}.Debug|Any CPU.ActiveCfg = Debug|Any CPU
		{0AC9DD1E-D9A7-4224-B756-E941D9188730}.Debug|Any CPU.Build.0 = Debug|Any CPU
		{0AC9DD1E-D9A7-4224-B756-E941D9188730}.Release|Any CPU.ActiveCfg = Release|Any CPU
		{0AC9DD1E-D9A7-4224-B756-E941D9188730}.Release|Any CPU.Build.0 = Release|Any CPU
	EndGlobalSection
	GlobalSection(SolutionProperties) = preSolution
		HideSolutionNode = FALSE
	EndGlobalSection
	GlobalSection(ExtensibilityGlobals) = postSolution
		SolutionGuid = {27BFA153-33B5-4BE7-9E8A-79DE0BA76803}
	EndGlobalSection
EndGlobal
